
Microsoft Visual Studio Solution File, Format Version 12.00
Project("{2150E333-8FDC-42A3-9474-1A3956D46DE8}") = "src", "src", "{32FCAC3C-0E51-471B-88DB-1A3FEAB7FF2A}"
EndProject
Project("{2150E333-8FDC-42A3-9474-1A3956D46DE8}") = "tests", "tests", "{C1A776BC-C7C7-4895-84ED-B345A9BCA884}"
EndProject
Project("{2150E333-8FDC-42A3-9474-1A3956D46DE8}") = "UI", "UI", "{71CFFC8E-8608-48F5-B226-0FC73A894F97}"
EndProject
Project("{2150E333-8FDC-42A3-9474-1A3956D46DE8}") = "Infrastructure", "Infrastructure", "{32FCFDF3-7137-4771-9870-7D981BA69E7C}"
EndProject
Project("{2150E333-8FDC-42A3-9474-1A3956D46DE8}") = "Core", "Core", "{BB80BF2A-05C2-4B63-8219-B679613EB916}"
EndProject
Project("{2150E333-8FDC-42A3-9474-1A3956D46DE8}") = "Shared", "Shared", "{728ABB5A-D5CE-41F6-8C15-40631E09CFB0}"
EndProject
Project("{FAE04EC0-301F-11D3-BF4B-00C04F79EFBC}") = "NetCoreTemplate.Application", "NetCoreTemplate.Application\NetCoreTemplate.Application.csproj", "{1229C0BD-36FC-436B-BF2C-3A1219C74B31}"
EndProject
Project("{FAE04EC0-301F-11D3-BF4B-00C04F79EFBC}") = "NetCoreTemplate.Domain", "NetCoreTemplate.Domain\NetCoreTemplate.Domain.csproj", "{F083E6FC-9145-49CE-9ED6-5FB8D3897ECE}"
EndProject
Project("{FAE04EC0-301F-11D3-BF4B-00C04F79EFBC}") = "NetCoreTemplate.Infrastructure", "NetCoreTemplate.Infrastructure\NetCoreTemplate.Infrastructure.csproj", "{B6DB687F-39BC-429E-A6F6-8870D90787D5}"
EndProject
Project("{FAE04EC0-301F-11D3-BF4B-00C04F79EFBC}") = "NetCoreTemplate.Persistence", "NetCoreTemplate.Persistence\NetCoreTemplate.Persistence.csproj", "{48405615-A6EA-41C4-8990-FCEFEDCCA58C}"
EndProject
Project("{FAE04EC0-301F-11D3-BF4B-00C04F79EFBC}") = "NetCoreTemplate.Shared.Abstractions", "NetCoreTemplate.Shared.Abstractions\NetCoreTemplate.Shared.Abstractions.csproj", "{A7561E81-DC46-42D8-AE15-6A5A33E20B76}"
EndProject
Project("{FAE04EC0-301F-11D3-BF4B-00C04F79EFBC}") = "NetCoreTemplate.Shared", "NetCoreTemplate.Shared\NetCoreTemplate.Shared.csproj", "{DD7799DB-13C5-4C72-95C8-0E8506F97E62}"
EndProject
Project("{FAE04EC0-301F-11D3-BF4B-00C04F79EFBC}") = "NetCoreTemplate.API", "NetCoreTemplate.API\NetCoreTemplate.API.csproj", "{1DBCC42F-C32C-4162-9915-399379C255F1}"
EndProject
Global
	GlobalSection(SolutionConfigurationPlatforms) = preSolution
		Debug|Any CPU = Debug|Any CPU
		Release|Any CPU = Release|Any CPU
	EndGlobalSection
	GlobalSection(NestedProjects) = preSolution
		{71CFFC8E-8608-48F5-B226-0FC73A894F97} = {32FCAC3C-0E51-471B-88DB-1A3FEAB7FF2A}
		{32FCFDF3-7137-4771-9870-7D981BA69E7C} = {32FCAC3C-0E51-471B-88DB-1A3FEAB7FF2A}
		{BB80BF2A-05C2-4B63-8219-B679613EB916} = {32FCAC3C-0E51-471B-88DB-1A3FEAB7FF2A}
		{728ABB5A-D5CE-41F6-8C15-40631E09CFB0} = {32FCAC3C-0E51-471B-88DB-1A3FEAB7FF2A}
		{1229C0BD-36FC-436B-BF2C-3A1219C74B31} = {BB80BF2A-05C2-4B63-8219-B679613EB916}
		{F083E6FC-9145-49CE-9ED6-5FB8D3897ECE} = {BB80BF2A-05C2-4B63-8219-B679613EB916}
		{B6DB687F-39BC-429E-A6F6-8870D90787D5} = {32FCFDF3-7137-4771-9870-7D981BA69E7C}
		{48405615-A6EA-41C4-8990-FCEFEDCCA58C} = {32FCFDF3-7137-4771-9870-7D981BA69E7C}
		{A7561E81-DC46-42D8-AE15-6A5A33E20B76} = {728ABB5A-D5CE-41F6-8C15-40631E09CFB0}
		{DD7799DB-13C5-4C72-95C8-0E8506F97E62} = {728ABB5A-D5CE-41F6-8C15-40631E09CFB0}
		{1DBCC42F-C32C-4162-9915-399379C255F1} = {71CFFC8E-8608-48F5-B226-0FC73A894F97}
	EndGlobalSection
	GlobalSection(ProjectConfigurationPlatforms) = postSolution
		{1229C0BD-36FC-436B-BF2C-3A1219C74B31}.Debug|Any CPU.ActiveCfg = Debug|Any CPU
		{1229C0BD-36FC-436B-BF2C-3A1219C74B31}.Debug|Any CPU.Build.0 = Debug|Any CPU
		{1229C0BD-36FC-436B-BF2C-3A1219C74B31}.Release|Any CPU.ActiveCfg = Release|Any CPU
		{1229C0BD-36FC-436B-BF2C-3A1219C74B31}.Release|Any CPU.Build.0 = Release|Any CPU
		{F083E6FC-9145-49CE-9ED6-5FB8D3897ECE}.Debug|Any CPU.ActiveCfg = Debug|Any CPU
		{F083E6FC-9145-49CE-9ED6-5FB8D3897ECE}.Debug|Any CPU.Build.0 = Debug|Any CPU
		{F083E6FC-9145-49CE-9ED6-5FB8D3897ECE}.Release|Any CPU.ActiveCfg = Release|Any CPU
		{F083E6FC-9145-49CE-9ED6-5FB8D3897ECE}.Release|Any CPU.Build.0 = Release|Any CPU
		{B6DB687F-39BC-429E-A6F6-8870D90787D5}.Debug|Any CPU.ActiveCfg = Debug|Any CPU
		{B6DB687F-39BC-429E-A6F6-8870D90787D5}.Debug|Any CPU.Build.0 = Debug|Any CPU
		{B6DB687F-39BC-429E-A6F6-8870D90787D5}.Release|Any CPU.ActiveCfg = Release|Any CPU
		{B6DB687F-39BC-429E-A6F6-8870D90787D5}.Release|Any CPU.Build.0 = Release|Any CPU
		{48405615-A6EA-41C4-8990-FCEFEDCCA58C}.Debug|Any CPU.ActiveCfg = Debug|Any CPU
		{48405615-A6EA-41C4-8990-FCEFEDCCA58C}.Debug|Any CPU.Build.0 = Debug|Any CPU
		{48405615-A6EA-41C4-8990-FCEFEDCCA58C}.Release|Any CPU.ActiveCfg = Release|Any CPU
		{48405615-A6EA-41C4-8990-FCEFEDCCA58C}.Release|Any CPU.Build.0 = Release|Any CPU
		{A7561E81-DC46-42D8-AE15-6A5A33E20B76}.Debug|Any CPU.ActiveCfg = Debug|Any CPU
		{A7561E81-DC46-42D8-AE15-6A5A33E20B76}.Debug|Any CPU.Build.0 = Debug|Any CPU
		{A7561E81-DC46-42D8-AE15-6A5A33E20B76}.Release|Any CPU.ActiveCfg = Release|Any CPU
		{A7561E81-DC46-42D8-AE15-6A5A33E20B76}.Release|Any CPU.Build.0 = Release|Any CPU
		{DD7799DB-13C5-4C72-95C8-0E8506F97E62}.Debug|Any CPU.ActiveCfg = Debug|Any CPU
		{DD7799DB-13C5-4C72-95C8-0E8506F97E62}.Debug|Any CPU.Build.0 = Debug|Any CPU
		{DD7799DB-13C5-4C72-95C8-0E8506F97E62}.Release|Any CPU.ActiveCfg = Release|Any CPU
		{DD7799DB-13C5-4C72-95C8-0E8506F97E62}.Release|Any CPU.Build.0 = Release|Any CPU
		{1DBCC42F-C32C-4162-9915-399379C255F1}.Debug|Any CPU.ActiveCfg = Debug|Any CPU
		{1DBCC42F-C32C-4162-9915-399379C255F1}.Debug|Any CPU.Build.0 = Debug|Any CPU
		{1DBCC42F-C32C-4162-9915-399379C255F1}.Release|Any CPU.ActiveCfg = Release|Any CPU
		{1DBCC42F-C32C-4162-9915-399379C255F1}.Release|Any CPU.Build.0 = Release|Any CPU
	EndGlobalSection
EndGlobal
